// !$*UTF8*$!
{
	archiveVersion = 1;
	classes = {
	};
	objectVersion = 56;
	objects = {

/* Begin PBXBuildFile section */
		2E9B490029FB63D0004F9BDA /* AppDelegate.swift in Sources */ = {isa = PBXBuildFile; fileRef = 2E9B48FF29FB63D0004F9BDA /* AppDelegate.swift */; };
		2E9B490229FB63D0004F9BDA /* SceneDelegate.swift in Sources */ = {isa = PBXBuildFile; fileRef = 2E9B490129FB63D0004F9BDA /* SceneDelegate.swift */; };
		2E9B490429FB63D0004F9BDA /* ViewController.swift in Sources */ = {isa = PBXBuildFile; fileRef = 2E9B490329FB63D0004F9BDA /* ViewController.swift */; };
		2E9B490929FB63D1004F9BDA /* Assets.xcassets in Resources */ = {isa = PBXBuildFile; fileRef = 2E9B490829FB63D1004F9BDA /* Assets.xcassets */; };
		2E9B490C29FB63D1004F9BDA /* LaunchScreen.storyboard in Resources */ = {isa = PBXBuildFile; fileRef = 2E9B490A29FB63D1004F9BDA /* LaunchScreen.storyboard */; };
		8F914DCC2A009B6800D82F1D /* HomeViewController.swift in Sources */ = {isa = PBXBuildFile; fileRef = 8F914DCB2A009B6800D82F1D /* HomeViewController.swift */; };
		8F914DCE2A009F3800D82F1D /* HeaderView.swift in Sources */ = {isa = PBXBuildFile; fileRef = 8F914DCD2A009F3800D82F1D /* HeaderView.swift */; };
		8F914DD12A00A02700D82F1D /* UIFont+Extension.swift in Sources */ = {isa = PBXBuildFile; fileRef = 8F914DD02A00A02700D82F1D /* UIFont+Extension.swift */; };
		8FF6F76829FF3B7400ED8A22 /* SigninSignupViewController.swift in Sources */ = {isa = PBXBuildFile; fileRef = 8FF6F76729FF3B7400ED8A22 /* SigninSignupViewController.swift */; };
		8FF6F76A29FF3B9400ED8A22 /* CustomCollectionViewCell.swift in Sources */ = {isa = PBXBuildFile; fileRef = 8FF6F76929FF3B9400ED8A22 /* CustomCollectionViewCell.swift */; };
		8FF6F76C29FF3BBC00ED8A22 /* CustomFilterCollectionViewCell.swift in Sources */ = {isa = PBXBuildFile; fileRef = 8FF6F76B29FF3BBC00ED8A22 /* CustomFilterCollectionViewCell.swift */; };
		8FF6F76E29FF3BD500ED8A22 /* TableViewCell.swift in Sources */ = {isa = PBXBuildFile; fileRef = 8FF6F76D29FF3BD500ED8A22 /* TableViewCell.swift */; };
		8FF6F77029FF3BF000ED8A22 /* ViewPostDetailsViewController.swift in Sources */ = {isa = PBXBuildFile; fileRef = 8FF6F76F29FF3BF000ED8A22 /* ViewPostDetailsViewController.swift */; };
		8FF6F77229FF3C1100ED8A22 /* SigninViewController.swift in Sources */ = {isa = PBXBuildFile; fileRef = 8FF6F77129FF3C1100ED8A22 /* SigninViewController.swift */; };
		8FF6F77429FF3C2A00ED8A22 /* User.swift in Sources */ = {isa = PBXBuildFile; fileRef = 8FF6F77329FF3C2A00ED8A22 /* User.swift */; };
		8FF6F77629FF3C3E00ED8A22 /* Filter.swift in Sources */ = {isa = PBXBuildFile; fileRef = 8FF6F77529FF3C3E00ED8A22 /* Filter.swift */; };
		8FF6F77829FF3C5100ED8A22 /* Post.swift in Sources */ = {isa = PBXBuildFile; fileRef = 8FF6F77729FF3C5100ED8A22 /* Post.swift */; };
		8FF6F77A29FF3C7500ED8A22 /* Recruiter.swift in Sources */ = {isa = PBXBuildFile; fileRef = 8FF6F77929FF3C7500ED8A22 /* Recruiter.swift */; };
/* End PBXBuildFile section */

/* Begin PBXFileReference section */
		2E9B48FC29FB63D0004F9BDA /* Savvy.app */ = {isa = PBXFileReference; explicitFileType = wrapper.application; includeInIndex = 0; path = Savvy.app; sourceTree = BUILT_PRODUCTS_DIR; };
		2E9B48FF29FB63D0004F9BDA /* AppDelegate.swift */ = {isa = PBXFileReference; lastKnownFileType = sourcecode.swift; path = AppDelegate.swift; sourceTree = "<group>"; };
		2E9B490129FB63D0004F9BDA /* SceneDelegate.swift */ = {isa = PBXFileReference; lastKnownFileType = sourcecode.swift; path = SceneDelegate.swift; sourceTree = "<group>"; };
		2E9B490329FB63D0004F9BDA /* ViewController.swift */ = {isa = PBXFileReference; lastKnownFileType = sourcecode.swift; path = ViewController.swift; sourceTree = "<group>"; };
		2E9B490829FB63D1004F9BDA /* Assets.xcassets */ = {isa = PBXFileReference; lastKnownFileType = folder.assetcatalog; path = Assets.xcassets; sourceTree = "<group>"; };
		2E9B490B29FB63D1004F9BDA /* Base */ = {isa = PBXFileReference; lastKnownFileType = file.storyboard; name = Base; path = Base.lproj/LaunchScreen.storyboard; sourceTree = "<group>"; };
		2E9B490D29FB63D1004F9BDA /* Info.plist */ = {isa = PBXFileReference; lastKnownFileType = text.plist.xml; path = Info.plist; sourceTree = "<group>"; };
		8F914DCB2A009B6800D82F1D /* HomeViewController.swift */ = {isa = PBXFileReference; lastKnownFileType = sourcecode.swift; path = HomeViewController.swift; sourceTree = "<group>"; };
		8F914DCD2A009F3800D82F1D /* HeaderView.swift */ = {isa = PBXFileReference; lastKnownFileType = sourcecode.swift; path = HeaderView.swift; sourceTree = "<group>"; };
		8F914DD02A00A02700D82F1D /* UIFont+Extension.swift */ = {isa = PBXFileReference; lastKnownFileType = sourcecode.swift; path = "UIFont+Extension.swift"; sourceTree = "<group>"; };
		8FF6F76729FF3B7400ED8A22 /* SigninSignupViewController.swift */ = {isa = PBXFileReference; lastKnownFileType = sourcecode.swift; path = SigninSignupViewController.swift; sourceTree = "<group>"; };
		8FF6F76929FF3B9400ED8A22 /* CustomCollectionViewCell.swift */ = {isa = PBXFileReference; lastKnownFileType = sourcecode.swift; path = CustomCollectionViewCell.swift; sourceTree = "<group>"; };
		8FF6F76B29FF3BBC00ED8A22 /* CustomFilterCollectionViewCell.swift */ = {isa = PBXFileReference; lastKnownFileType = sourcecode.swift; path = CustomFilterCollectionViewCell.swift; sourceTree = "<group>"; };
		8FF6F76D29FF3BD500ED8A22 /* TableViewCell.swift */ = {isa = PBXFileReference; lastKnownFileType = sourcecode.swift; path = TableViewCell.swift; sourceTree = "<group>"; };
		8FF6F76F29FF3BF000ED8A22 /* ViewPostDetailsViewController.swift */ = {isa = PBXFileReference; lastKnownFileType = sourcecode.swift; path = ViewPostDetailsViewController.swift; sourceTree = "<group>"; };
		8FF6F77129FF3C1100ED8A22 /* SigninViewController.swift */ = {isa = PBXFileReference; lastKnownFileType = sourcecode.swift; path = SigninViewController.swift; sourceTree = "<group>"; };
		8FF6F77329FF3C2A00ED8A22 /* User.swift */ = {isa = PBXFileReference; lastKnownFileType = sourcecode.swift; path = User.swift; sourceTree = "<group>"; };
		8FF6F77529FF3C3E00ED8A22 /* Filter.swift */ = {isa = PBXFileReference; lastKnownFileType = sourcecode.swift; path = Filter.swift; sourceTree = "<group>"; };
		8FF6F77729FF3C5100ED8A22 /* Post.swift */ = {isa = PBXFileReference; lastKnownFileType = sourcecode.swift; path = Post.swift; sourceTree = "<group>"; };
		8FF6F77929FF3C7500ED8A22 /* Recruiter.swift */ = {isa = PBXFileReference; lastKnownFileType = sourcecode.swift; path = Recruiter.swift; sourceTree = "<group>"; };
/* End PBXFileReference section */

/* Begin PBXFrameworksBuildPhase section */
		2E9B48F929FB63D0004F9BDA /* Frameworks */ = {
			isa = PBXFrameworksBuildPhase;
			buildActionMask = 2147483647;
			files = (
			);
			runOnlyForDeploymentPostprocessing = 0;
		};
/* End PBXFrameworksBuildPhase section */

/* Begin PBXGroup section */
		2E9B48F329FB63D0004F9BDA = {
			isa = PBXGroup;
			children = (
				2E9B48FE29FB63D0004F9BDA /* Savvy */,
				2E9B48FD29FB63D0004F9BDA /* Products */,
			);
			sourceTree = "<group>";
		};
		2E9B48FD29FB63D0004F9BDA /* Products */ = {
			isa = PBXGroup;
			children = (
				2E9B48FC29FB63D0004F9BDA /* Savvy.app */,
			);
			name = Products;
			sourceTree = "<group>";
		};
		2E9B48FE29FB63D0004F9BDA /* Savvy */ = {
			isa = PBXGroup;
			children = (
				8F914DC82A00994500D82F1D /* Controllers */,
				8F914DCF2A00A01800D82F1D /* Extensions */,
				8F914DC72A00992200D82F1D /* Models */,
				8F914DCA2A00997200D82F1D /* Other */,
				8F914DC92A00995100D82F1D /* Views */,
				2E9B490829FB63D1004F9BDA /* Assets.xcassets */,
				2E9B490A29FB63D1004F9BDA /* LaunchScreen.storyboard */,
				2E9B490D29FB63D1004F9BDA /* Info.plist */,
			);
			path = Savvy;
			sourceTree = "<group>";
		};
		8F914DC72A00992200D82F1D /* Models */ = {
			isa = PBXGroup;
			children = (
				8FF6F77529FF3C3E00ED8A22 /* Filter.swift */,
				8FF6F77729FF3C5100ED8A22 /* Post.swift */,
				8FF6F77929FF3C7500ED8A22 /* Recruiter.swift */,
				8FF6F77329FF3C2A00ED8A22 /* User.swift */,
			);
			path = Models;
			sourceTree = "<group>";
		};
		8F914DC82A00994500D82F1D /* Controllers */ = {
			isa = PBXGroup;
			children = (
				8FF6F77129FF3C1100ED8A22 /* SigninViewController.swift */,
				2E9B490329FB63D0004F9BDA /* ViewController.swift */,
				8FF6F76729FF3B7400ED8A22 /* SigninSignupViewController.swift */,
				8F914DCB2A009B6800D82F1D /* HomeViewController.swift */,
			);
			path = Controllers;
			sourceTree = "<group>";
		};
		8F914DC92A00995100D82F1D /* Views */ = {
			isa = PBXGroup;
			children = (
				8FF6F76D29FF3BD500ED8A22 /* TableViewCell.swift */,
				8FF6F76929FF3B9400ED8A22 /* CustomCollectionViewCell.swift */,
				8FF6F76F29FF3BF000ED8A22 /* ViewPostDetailsViewController.swift */,
				8FF6F76B29FF3BBC00ED8A22 /* CustomFilterCollectionViewCell.swift */,
				8F914DCD2A009F3800D82F1D /* HeaderView.swift */,
			);
			path = Views;
			sourceTree = "<group>";
		};
		8F914DCA2A00997200D82F1D /* Other */ = {
			isa = PBXGroup;
			children = (
				2E9B48FF29FB63D0004F9BDA /* AppDelegate.swift */,
				2E9B490129FB63D0004F9BDA /* SceneDelegate.swift */,
			);
			path = Other;
			sourceTree = "<group>";
		};
		8F914DCF2A00A01800D82F1D /* Extensions */ = {
			isa = PBXGroup;
			children = (
				8F914DD02A00A02700D82F1D /* UIFont+Extension.swift */,
			);
			path = Extensions;
			sourceTree = "<group>";
		};
/* End PBXGroup section */

/* Begin PBXNativeTarget section */
		2E9B48FB29FB63D0004F9BDA /* Savvy */ = {
			isa = PBXNativeTarget;
			buildConfigurationList = 2E9B491029FB63D1004F9BDA /* Build configuration list for PBXNativeTarget "Savvy" */;
			buildPhases = (
				2E9B48F829FB63D0004F9BDA /* Sources */,
				2E9B48F929FB63D0004F9BDA /* Frameworks */,
				2E9B48FA29FB63D0004F9BDA /* Resources */,
			);
			buildRules = (
			);
			dependencies = (
			);
			name = Savvy;
			productName = Savvy;
			productReference = 2E9B48FC29FB63D0004F9BDA /* Savvy.app */;
			productType = "com.apple.product-type.application";
		};
/* End PBXNativeTarget section */

/* Begin PBXProject section */
		2E9B48F429FB63D0004F9BDA /* Project object */ = {
			isa = PBXProject;
			attributes = {
				BuildIndependentTargetsInParallel = 1;
				LastSwiftUpdateCheck = 1430;
				LastUpgradeCheck = 1430;
				TargetAttributes = {
					2E9B48FB29FB63D0004F9BDA = {
						CreatedOnToolsVersion = 14.3;
					};
				};
			};
			buildConfigurationList = 2E9B48F729FB63D0004F9BDA /* Build configuration list for PBXProject "Savvy" */;
			compatibilityVersion = "Xcode 14.0";
			developmentRegion = en;
			hasScannedForEncodings = 0;
			knownRegions = (
				en,
				Base,
			);
			mainGroup = 2E9B48F329FB63D0004F9BDA;
			productRefGroup = 2E9B48FD29FB63D0004F9BDA /* Products */;
			projectDirPath = "";
			projectRoot = "";
			targets = (
				2E9B48FB29FB63D0004F9BDA /* Savvy */,
			);
		};
/* End PBXProject section */

/* Begin PBXResourcesBuildPhase section */
		2E9B48FA29FB63D0004F9BDA /* Resources */ = {
			isa = PBXResourcesBuildPhase;
			buildActionMask = 2147483647;
			files = (
				2E9B490C29FB63D1004F9BDA /* LaunchScreen.storyboard in Resources */,
				2E9B490929FB63D1004F9BDA /* Assets.xcassets in Resources */,
			);
			runOnlyForDeploymentPostprocessing = 0;
		};
/* End PBXResourcesBuildPhase section */

/* Begin PBXSourcesBuildPhase section */
		2E9B48F829FB63D0004F9BDA /* Sources */ = {
			isa = PBXSourcesBuildPhase;
			buildActionMask = 2147483647;
			files = (
				8FF6F76829FF3B7400ED8A22 /* SigninSignupViewController.swift in Sources */,
				8FF6F76A29FF3B9400ED8A22 /* CustomCollectionViewCell.swift in Sources */,
				8FF6F77629FF3C3E00ED8A22 /* Filter.swift in Sources */,
				8FF6F77A29FF3C7500ED8A22 /* Recruiter.swift in Sources */,
				8FF6F77829FF3C5100ED8A22 /* Post.swift in Sources */,
				8F914DCC2A009B6800D82F1D /* HomeViewController.swift in Sources */,
				2E9B490429FB63D0004F9BDA /* ViewController.swift in Sources */,
				2E9B490029FB63D0004F9BDA /* AppDelegate.swift in Sources */,
				8FF6F77029FF3BF000ED8A22 /* ViewPostDetailsViewController.swift in Sources */,
				2E9B490229FB63D0004F9BDA /* SceneDelegate.swift in Sources */,
				8F914DCE2A009F3800D82F1D /* HeaderView.swift in Sources */,
				8FF6F76E29FF3BD500ED8A22 /* TableViewCell.swift in Sources */,
				8FF6F76C29FF3BBC00ED8A22 /* CustomFilterCollectionViewCell.swift in Sources */,
				8FF6F77429FF3C2A00ED8A22 /* User.swift in Sources */,
				8F914DD12A00A02700D82F1D /* UIFont+Extension.swift in Sources */,
				8FF6F77229FF3C1100ED8A22 /* SigninViewController.swift in Sources */,
			);
			runOnlyForDeploymentPostprocessing = 0;
		};
/* End PBXSourcesBuildPhase section */

/* Begin PBXVariantGroup section */
		2E9B490A29FB63D1004F9BDA /* LaunchScreen.storyboard */ = {
			isa = PBXVariantGroup;
			children = (
				2E9B490B29FB63D1004F9BDA /* Base */,
			);
			name = LaunchScreen.storyboard;
			sourceTree = "<group>";
		};
/* End PBXVariantGroup section */

/* Begin XCBuildConfiguration section */
		2E9B490E29FB63D1004F9BDA /* Debug */ = {
			isa = XCBuildConfiguration;
			buildSettings = {
				ALWAYS_SEARCH_USER_PATHS = NO;
				CLANG_ANALYZER_NONNULL = YES;
				CLANG_ANALYZER_NUMBER_OBJECT_CONVERSION = YES_AGGRESSIVE;
				CLANG_CXX_LANGUAGE_STANDARD = "gnu++20";
				CLANG_ENABLE_MODULES = YES;
				CLANG_ENABLE_OBJC_ARC = YES;
				CLANG_ENABLE_OBJC_WEAK = YES;
				CLANG_WARN_BLOCK_CAPTURE_AUTORELEASING = YES;
				CLANG_WARN_BOOL_CONVERSION = YES;
				CLANG_WARN_COMMA = YES;
				CLANG_WARN_CONSTANT_CONVERSION = YES;
				CLANG_WARN_DEPRECATED_OBJC_IMPLEMENTATIONS = YES;
				CLANG_WARN_DIRECT_OBJC_ISA_USAGE = YES_ERROR;
				CLANG_WARN_DOCUMENTATION_COMMENTS = YES;
				CLANG_WARN_EMPTY_BODY = YES;
				CLANG_WARN_ENUM_CONVERSION = YES;
				CLANG_WARN_INFINITE_RECURSION = YES;
				CLANG_WARN_INT_CONVERSION = YES;
				CLANG_WARN_NON_LITERAL_NULL_CONVERSION = YES;
				CLANG_WARN_OBJC_IMPLICIT_RETAIN_SELF = YES;
				CLANG_WARN_OBJC_LITERAL_CONVERSION = YES;
				CLANG_WARN_OBJC_ROOT_CLASS = YES_ERROR;
				CLANG_WARN_QUOTED_INCLUDE_IN_FRAMEWORK_HEADER = YES;
				CLANG_WARN_RANGE_LOOP_ANALYSIS = YES;
				CLANG_WARN_STRICT_PROTOTYPES = YES;
				CLANG_WARN_SUSPICIOUS_MOVE = YES;
				CLANG_WARN_UNGUARDED_AVAILABILITY = YES_AGGRESSIVE;
				CLANG_WARN_UNREACHABLE_CODE = YES;
				CLANG_WARN__DUPLICATE_METHOD_MATCH = YES;
				COPY_PHASE_STRIP = NO;
				DEBUG_INFORMATION_FORMAT = dwarf;
				ENABLE_STRICT_OBJC_MSGSEND = YES;
				ENABLE_TESTABILITY = YES;
				GCC_C_LANGUAGE_STANDARD = gnu11;
				GCC_DYNAMIC_NO_PIC = NO;
				GCC_NO_COMMON_BLOCKS = YES;
				GCC_OPTIMIZATION_LEVEL = 0;
				GCC_PREPROCESSOR_DEFINITIONS = (
					"DEBUG=1",
					"$(inherited)",
				);
				GCC_WARN_64_TO_32_BIT_CONVERSION = YES;
				GCC_WARN_ABOUT_RETURN_TYPE = YES_ERROR;
				GCC_WARN_UNDECLARED_SELECTOR = YES;
				GCC_WARN_UNINITIALIZED_AUTOS = YES_AGGRESSIVE;
				GCC_WARN_UNUSED_FUNCTION = YES;
				GCC_WARN_UNUSED_VARIABLE = YES;
				IPHONEOS_DEPLOYMENT_TARGET = 16.4;
				MTL_ENABLE_DEBUG_INFO = INCLUDE_SOURCE;
				MTL_FAST_MATH = YES;
				ONLY_ACTIVE_ARCH = YES;
				SDKROOT = iphoneos;
				SWIFT_ACTIVE_COMPILATION_CONDITIONS = DEBUG;
				SWIFT_OPTIMIZATION_LEVEL = "-Onone";
			};
			name = Debug;
		};
		2E9B490F29FB63D1004F9BDA /* Release */ = {
			isa = XCBuildConfiguration;
			buildSettings = {
				ALWAYS_SEARCH_USER_PATHS = NO;
				CLANG_ANALYZER_NONNULL = YES;
				CLANG_ANALYZER_NUMBER_OBJECT_CONVERSION = YES_AGGRESSIVE;
				CLANG_CXX_LANGUAGE_STANDARD = "gnu++20";
				CLANG_ENABLE_MODULES = YES;
				CLANG_ENABLE_OBJC_ARC = YES;
				CLANG_ENABLE_OBJC_WEAK = YES;
				CLANG_WARN_BLOCK_CAPTURE_AUTORELEASING = YES;
				CLANG_WARN_BOOL_CONVERSION = YES;
				CLANG_WARN_COMMA = YES;
				CLANG_WARN_CONSTANT_CONVERSION = YES;
				CLANG_WARN_DEPRECATED_OBJC_IMPLEMENTATIONS = YES;
				CLANG_WARN_DIRECT_OBJC_ISA_USAGE = YES_ERROR;
				CLANG_WARN_DOCUMENTATION_COMMENTS = YES;
				CLANG_WARN_EMPTY_BODY = YES;
				CLANG_WARN_ENUM_CONVERSION = YES;
				CLANG_WARN_INFINITE_RECURSION = YES;
				CLANG_WARN_INT_CONVERSION = YES;
				CLANG_WARN_NON_LITERAL_NULL_CONVERSION = YES;
				CLANG_WARN_OBJC_IMPLICIT_RETAIN_SELF = YES;
				CLANG_WARN_OBJC_LITERAL_CONVERSION = YES;
				CLANG_WARN_OBJC_ROOT_CLASS = YES_ERROR;
				CLANG_WARN_QUOTED_INCLUDE_IN_FRAMEWORK_HEADER = YES;
				CLANG_WARN_RANGE_LOOP_ANALYSIS = YES;
				CLANG_WARN_STRICT_PROTOTYPES = YES;
				CLANG_WARN_SUSPICIOUS_MOVE = YES;
				CLANG_WARN_UNGUARDED_AVAILABILITY = YES_AGGRESSIVE;
				CLANG_WARN_UNREACHABLE_CODE = YES;
				CLANG_WARN__DUPLICATE_METHOD_MATCH = YES;
				COPY_PHASE_STRIP = NO;
				DEBUG_INFORMATION_FORMAT = "dwarf-with-dsym";
				ENABLE_NS_ASSERTIONS = NO;
				ENABLE_STRICT_OBJC_MSGSEND = YES;
				GCC_C_LANGUAGE_STANDARD = gnu11;
				GCC_NO_COMMON_BLOCKS = YES;
				GCC_WARN_64_TO_32_BIT_CONVERSION = YES;
				GCC_WARN_ABOUT_RETURN_TYPE = YES_ERROR;
				GCC_WARN_UNDECLARED_SELECTOR = YES;
				GCC_WARN_UNINITIALIZED_AUTOS = YES_AGGRESSIVE;
				GCC_WARN_UNUSED_FUNCTION = YES;
				GCC_WARN_UNUSED_VARIABLE = YES;
				IPHONEOS_DEPLOYMENT_TARGET = 16.4;
				MTL_ENABLE_DEBUG_INFO = NO;
				MTL_FAST_MATH = YES;
				SDKROOT = iphoneos;
				SWIFT_COMPILATION_MODE = wholemodule;
				SWIFT_OPTIMIZATION_LEVEL = "-O";
				VALIDATE_PRODUCT = YES;
			};
			name = Release;
		};
		2E9B491129FB63D1004F9BDA /* Debug */ = {
			isa = XCBuildConfiguration;
			buildSettings = {
				ASSETCATALOG_COMPILER_APPICON_NAME = AppIcon;
				ASSETCATALOG_COMPILER_GLOBAL_ACCENT_COLOR_NAME = AccentColor;
				CODE_SIGN_STYLE = Automatic;
				CURRENT_PROJECT_VERSION = 1;
				GENERATE_INFOPLIST_FILE = YES;
				INFOPLIST_FILE = Savvy/Info.plist;
				INFOPLIST_KEY_UIApplicationSupportsIndirectInputEvents = YES;
				INFOPLIST_KEY_UILaunchStoryboardName = LaunchScreen;
				INFOPLIST_KEY_UISupportedInterfaceOrientations_iPad = "UIInterfaceOrientationPortrait UIInterfaceOrientationPortraitUpsideDown UIInterfaceOrientationLandscapeLeft UIInterfaceOrientationLandscapeRight";
				INFOPLIST_KEY_UISupportedInterfaceOrientations_iPhone = "UIInterfaceOrientationPortrait UIInterfaceOrientationLandscapeLeft UIInterfaceOrientationLandscapeRight";
				LD_RUNPATH_SEARCH_PATHS = (
					"$(inherited)",
					"@executable_path/Frameworks",
				);
				MARKETING_VERSION = 1.0;
				PRODUCT_BUNDLE_IDENTIFIER = com.vinnie.Savvy;
				PRODUCT_NAME = "$(TARGET_NAME)";
				SWIFT_EMIT_LOC_STRINGS = YES;
				SWIFT_VERSION = 5.0;
				TARGETED_DEVICE_FAMILY = "1,2";
			};
			name = Debug;
		};
		2E9B491229FB63D1004F9BDA /* Release */ = {
			isa = XCBuildConfiguration;
			buildSettings = {
				ASSETCATALOG_COMPILER_APPICON_NAME = AppIcon;
				ASSETCATALOG_COMPILER_GLOBAL_ACCENT_COLOR_NAME = AccentColor;
				CODE_SIGN_STYLE = Automatic;
				CURRENT_PROJECT_VERSION = 1;
				GENERATE_INFOPLIST_FILE = YES;
				INFOPLIST_FILE = Savvy/Info.plist;
				INFOPLIST_KEY_UIApplicationSupportsIndirectInputEvents = YES;
				INFOPLIST_KEY_UILaunchStoryboardName = LaunchScreen;
				INFOPLIST_KEY_UISupportedInterfaceOrientations_iPad = "UIInterfaceOrientationPortrait UIInterfaceOrientationPortraitUpsideDown UIInterfaceOrientationLandscapeLeft UIInterfaceOrientationLandscapeRight";
				INFOPLIST_KEY_UISupportedInterfaceOrientations_iPhone = "UIInterfaceOrientationPortrait UIInterfaceOrientationLandscapeLeft UIInterfaceOrientationLandscapeRight";
				LD_RUNPATH_SEARCH_PATHS = (
					"$(inherited)",
					"@executable_path/Frameworks",
				);
				MARKETING_VERSION = 1.0;
				PRODUCT_BUNDLE_IDENTIFIER = com.vinnie.Savvy;
				PRODUCT_NAME = "$(TARGET_NAME)";
				SWIFT_EMIT_LOC_STRINGS = YES;
				SWIFT_VERSION = 5.0;
				TARGETED_DEVICE_FAMILY = "1,2";
			};
			name = Release;
		};
/* End XCBuildConfiguration section */

/* Begin XCConfigurationList section */
		2E9B48F729FB63D0004F9BDA /* Build configuration list for PBXProject "Savvy" */ = {
			isa = XCConfigurationList;
			buildConfigurations = (
				2E9B490E29FB63D1004F9BDA /* Debug */,
				2E9B490F29FB63D1004F9BDA /* Release */,
			);
			defaultConfigurationIsVisible = 0;
			defaultConfigurationName = Release;
		};
		2E9B491029FB63D1004F9BDA /* Build configuration list for PBXNativeTarget "Savvy" */ = {
			isa = XCConfigurationList;
			buildConfigurations = (
				2E9B491129FB63D1004F9BDA /* Debug */,
				2E9B491229FB63D1004F9BDA /* Release */,
			);
			defaultConfigurationIsVisible = 0;
			defaultConfigurationName = Release;
		};
/* End XCConfigurationList section */
	};
	rootObject = 2E9B48F429FB63D0004F9BDA /* Project object */;
}
